
Microsoft Visual Studio Solution File, Format Version 12.00
# Visual Studio Version 17
VisualStudioVersion = 17.13.35931.197 d17.13
MinimumVisualStudioVersion = 10.0.40219.1
Project("{FAE04EC0-301F-11D3-BF4B-00C04F79EFBC}") = "Arrays", "Arrays\Arrays.csproj", "{3E1DA80E-4929-4551-BB0B-A08F662E6866}"
EndProject
Global
	GlobalSection(SolutionConfigurationPlatforms) = preSolution
		Debug|Any CPU = Debug|Any CPU
		Release|Any CPU = Release|Any CPU
	EndGlobalSection
	GlobalSection(ProjectConfigurationPlatforms) = postSolution
		{3E1DA80E-4929-4551-BB0B-A08F662E6866}.Debug|Any CPU.ActiveCfg = Debug|Any CPU
		{3E1DA80E-4929-4551-BB0B-A08F662E6866}.Debug|Any CPU.Build.0 = Debug|Any CPU
		{3E1DA80E-4929-4551-BB0B-A08F662E6866}.Release|Any CPU.ActiveCfg = Release|Any CPU
		{3E1DA80E-4929-4551-BB0B-A08F662E6866}.Release|Any CPU.Build.0 = Release|Any CPU
	EndGlobalSection
	GlobalSection(SolutionProperties) = preSolution
		HideSolutionNode = FALSE
	EndGlobalSection
	GlobalSection(ExtensibilityGlobals) = postSolution
		SolutionGuid = {1445AAE1-D9A9-4BD5-B2B3-188DAF5604AE}
	EndGlobalSection
EndGlobal
